
Microsoft Visual Studio Solution File, Format Version 12.00
# Visual Studio Version 17
VisualStudioVersion = 17.8.34408.163
MinimumVisualStudioVersion = 10.0.40219.1
Project("{FAE04EC0-301F-11D3-BF4B-00C04F79EFBC}") = "CacheDiskConsole", "CacheDiskConsole\CacheDiskConsole.csproj", "{A71A16BE-F0FE-4E0F-BAC3-A775BB6EDE95}"
EndProject
Project("{FAE04EC0-301F-11D3-BF4B-00C04F79EFBC}") = "CacheDiskLib", "CacheDiskLib\CacheDiskLib.csproj", "{BC31AB19-F2CD-4B73-BFE3-C291EFD542F8}"
EndProject
Global
	GlobalSection(SolutionConfigurationPlatforms) = preSolution
		Debug|Any CPU = Debug|Any CPU
		Release|Any CPU = Release|Any CPU
	EndGlobalSection
	GlobalSection(ProjectConfigurationPlatforms) = postSolution
		{A71A16BE-F0FE-4E0F-BAC3-A775BB6EDE95}.Debug|Any CPU.ActiveCfg = Debug|Any CPU
		{A71A16BE-F0FE-4E0F-BAC3-A775BB6EDE95}.Debug|Any CPU.Build.0 = Debug|Any CPU
		{A71A16BE-F0FE-4E0F-BAC3-A775BB6EDE95}.Release|Any CPU.ActiveCfg = Release|Any CPU
		{A71A16BE-F0FE-4E0F-BAC3-A775BB6EDE95}.Release|Any CPU.Build.0 = Release|Any CPU
		{BC31AB19-F2CD-4B73-BFE3-C291EFD542F8}.Debug|Any CPU.ActiveCfg = Debug|Any CPU
		{BC31AB19-F2CD-4B73-BFE3-C291EFD542F8}.Debug|Any CPU.Build.0 = Debug|Any CPU
		{BC31AB19-F2CD-4B73-BFE3-C291EFD542F8}.Release|Any CPU.ActiveCfg = Release|Any CPU
		{BC31AB19-F2CD-4B73-BFE3-C291EFD542F8}.Release|Any CPU.Build.0 = Release|Any CPU
	EndGlobalSection
	GlobalSection(SolutionProperties) = preSolution
		HideSolutionNode = FALSE
	EndGlobalSection
	GlobalSection(ExtensibilityGlobals) = postSolution
		SolutionGuid = {0B53F7B1-FE8F-46AF-8376-A791A9C12B77}
	EndGlobalSection
EndGlobal
